// !$*UTF8*$!
{
	archiveVersion = 1;
	classes = {
	};
	objectVersion = 50;
	objects = {

/* Begin PBXBuildFile section */
		93AC3BEF22776FA900F80A40 /* AppDelegate.swift in Sources */ = {isa = PBXBuildFile; fileRef = 93AC3BEE22776FA900F80A40 /* AppDelegate.swift */; };
		93AC3BF122776FA900F80A40 /* ViewController.swift in Sources */ = {isa = PBXBuildFile; fileRef = 93AC3BF022776FA900F80A40 /* ViewController.swift */; };
		93AC3BF422776FA900F80A40 /* Main.storyboard in Resources */ = {isa = PBXBuildFile; fileRef = 93AC3BF222776FA900F80A40 /* Main.storyboard */; };
		93AC3BF622776FAB00F80A40 /* Assets.xcassets in Resources */ = {isa = PBXBuildFile; fileRef = 93AC3BF522776FAB00F80A40 /* Assets.xcassets */; };
		93AC3BF922776FAB00F80A40 /* LaunchScreen.storyboard in Resources */ = {isa = PBXBuildFile; fileRef = 93AC3BF722776FAB00F80A40 /* LaunchScreen.storyboard */; };
		93AC3C0422776FAB00F80A40 /* MsgTestTests.swift in Sources */ = {isa = PBXBuildFile; fileRef = 93AC3C0322776FAB00F80A40 /* MsgTestTests.swift */; };
		93AC3C0F22776FAB00F80A40 /* MsgTestUITests.swift in Sources */ = {isa = PBXBuildFile; fileRef = 93AC3C0E22776FAB00F80A40 /* MsgTestUITests.swift */; };
/* End PBXBuildFile section */

/* Begin PBXContainerItemProxy section */
		93AC3C0022776FAB00F80A40 /* PBXContainerItemProxy */ = {
			isa = PBXContainerItemProxy;
			containerPortal = 93AC3BE322776FA900F80A40 /* Project object */;
			proxyType = 1;
			remoteGlobalIDString = 93AC3BEA22776FA900F80A40;
			remoteInfo = MsgTest;
		};
		93AC3C0B22776FAB00F80A40 /* PBXContainerItemProxy */ = {
			isa = PBXContainerItemProxy;
			containerPortal = 93AC3BE322776FA900F80A40 /* Project object */;
			proxyType = 1;
			remoteGlobalIDString = 93AC3BEA22776FA900F80A40;
			remoteInfo = MsgTest;
		};
/* End PBXContainerItemProxy section */

/* Begin PBXFileReference section */
		93AC3BEB22776FA900F80A40 /* MsgTest.app */ = {isa = PBXFileReference; explicitFileType = wrapper.application; includeInIndex = 0; path = MsgTest.app; sourceTree = BUILT_PRODUCTS_DIR; };
		93AC3BEE22776FA900F80A40 /* AppDelegate.swift */ = {isa = PBXFileReference; lastKnownFileType = sourcecode.swift; path = AppDelegate.swift; sourceTree = "<group>"; };
		93AC3BF022776FA900F80A40 /* ViewController.swift */ = {isa = PBXFileReference; lastKnownFileType = sourcecode.swift; path = ViewController.swift; sourceTree = "<group>"; };
		93AC3BF322776FA900F80A40 /* Base */ = {isa = PBXFileReference; lastKnownFileType = file.storyboard; name = Base; path = Base.lproj/Main.storyboard; sourceTree = "<group>"; };
		93AC3BF522776FAB00F80A40 /* Assets.xcassets */ = {isa = PBXFileReference; lastKnownFileType = folder.assetcatalog; path = Assets.xcassets; sourceTree = "<group>"; };
		93AC3BF822776FAB00F80A40 /* Base */ = {isa = PBXFileReference; lastKnownFileType = file.storyboard; name = Base; path = Base.lproj/LaunchScreen.storyboard; sourceTree = "<group>"; };
		93AC3BFA22776FAB00F80A40 /* Info.plist */ = {isa = PBXFileReference; lastKnownFileType = text.plist.xml; path = Info.plist; sourceTree = "<group>"; };
		93AC3BFF22776FAB00F80A40 /* MsgTestTests.xctest */ = {isa = PBXFileReference; explicitFileType = wrapper.cfbundle; includeInIndex = 0; path = MsgTestTests.xctest; sourceTree = BUILT_PRODUCTS_DIR; };
		93AC3C0322776FAB00F80A40 /* MsgTestTests.swift */ = {isa = PBXFileReference; lastKnownFileType = sourcecode.swift; path = MsgTestTests.swift; sourceTree = "<group>"; };
		93AC3C0522776FAB00F80A40 /* Info.plist */ = {isa = PBXFileReference; lastKnownFileType = text.plist.xml; path = Info.plist; sourceTree = "<group>"; };
		93AC3C0A22776FAB00F80A40 /* MsgTestUITests.xctest */ = {isa = PBXFileReference; explicitFileType = wrapper.cfbundle; includeInIndex = 0; path = MsgTestUITests.xctest; sourceTree = BUILT_PRODUCTS_DIR; };
		93AC3C0E22776FAB00F80A40 /* MsgTestUITests.swift */ = {isa = PBXFileReference; lastKnownFileType = sourcecode.swift; path = MsgTestUITests.swift; sourceTree = "<group>"; };
		93AC3C1022776FAB00F80A40 /* Info.plist */ = {isa = PBXFileReference; lastKnownFileType = text.plist.xml; path = Info.plist; sourceTree = "<group>"; };
/* End PBXFileReference section */

/* Begin PBXFrameworksBuildPhase section */
		93AC3BE822776FA900F80A40 /* Frameworks */ = {
			isa = PBXFrameworksBuildPhase;
			buildActionMask = 2147483647;
			files = (
			);
			runOnlyForDeploymentPostprocessing = 0;
		};
		93AC3BFC22776FAB00F80A40 /* Frameworks */ = {
			isa = PBXFrameworksBuildPhase;
			buildActionMask = 2147483647;
			files = (
			);
			runOnlyForDeploymentPostprocessing = 0;
		};
		93AC3C0722776FAB00F80A40 /* Frameworks */ = {
			isa = PBXFrameworksBuildPhase;
			buildActionMask = 2147483647;
			files = (
			);
			runOnlyForDeploymentPostprocessing = 0;
		};
/* End PBXFrameworksBuildPhase section */

/* Begin PBXGroup section */
		93AC3BE222776FA900F80A40 = {
			isa = PBXGroup;
			children = (
				93AC3BED22776FA900F80A40 /* MsgTest */,
				93AC3C0222776FAB00F80A40 /* MsgTestTests */,
				93AC3C0D22776FAB00F80A40 /* MsgTestUITests */,
				93AC3BEC22776FA900F80A40 /* Products */,
			);
			sourceTree = "<group>";
		};
		93AC3BEC22776FA900F80A40 /* Products */ = {
			isa = PBXGroup;
			children = (
				93AC3BEB22776FA900F80A40 /* MsgTest.app */,
				93AC3BFF22776FAB00F80A40 /* MsgTestTests.xctest */,
				93AC3C0A22776FAB00F80A40 /* MsgTestUITests.xctest */,
			);
			name = Products;
			sourceTree = "<group>";
		};
		93AC3BED22776FA900F80A40 /* MsgTest */ = {
			isa = PBXGroup;
			children = (
				93AC3BEE22776FA900F80A40 /* AppDelegate.swift */,
				93AC3BF022776FA900F80A40 /* ViewController.swift */,
				93AC3BF222776FA900F80A40 /* Main.storyboard */,
				93AC3BF522776FAB00F80A40 /* Assets.xcassets */,
				93AC3BF722776FAB00F80A40 /* LaunchScreen.storyboard */,
				93AC3BFA22776FAB00F80A40 /* Info.plist */,
			);
			path = MsgTest;
			sourceTree = "<group>";
		};
		93AC3C0222776FAB00F80A40 /* MsgTestTests */ = {
			isa = PBXGroup;
			children = (
				93AC3C0322776FAB00F80A40 /* MsgTestTests.swift */,
				93AC3C0522776FAB00F80A40 /* Info.plist */,
			);
			path = MsgTestTests;
			sourceTree = "<group>";
		};
		93AC3C0D22776FAB00F80A40 /* MsgTestUITests */ = {
			isa = PBXGroup;
			children = (
				93AC3C0E22776FAB00F80A40 /* MsgTestUITests.swift */,
				93AC3C1022776FAB00F80A40 /* Info.plist */,
			);
			path = MsgTestUITests;
			sourceTree = "<group>";
		};
/* End PBXGroup section */

/* Begin PBXNativeTarget section */
		93AC3BEA22776FA900F80A40 /* MsgTest */ = {
			isa = PBXNativeTarget;
			buildConfigurationList = 93AC3C1322776FAB00F80A40 /* Build configuration list for PBXNativeTarget "MsgTest" */;
			buildPhases = (
				93AC3BE722776FA900F80A40 /* Sources */,
				93AC3BE822776FA900F80A40 /* Frameworks */,
				93AC3BE922776FA900F80A40 /* Resources */,
			);
			buildRules = (
			);
			dependencies = (
			);
			name = MsgTest;
			productName = MsgTest;
			productReference = 93AC3BEB22776FA900F80A40 /* MsgTest.app */;
			productType = "com.apple.product-type.application";
		};
		93AC3BFE22776FAB00F80A40 /* MsgTestTests */ = {
			isa = PBXNativeTarget;
			buildConfigurationList = 93AC3C1622776FAB00F80A40 /* Build configuration list for PBXNativeTarget "MsgTestTests" */;
			buildPhases = (
				93AC3BFB22776FAB00F80A40 /* Sources */,
				93AC3BFC22776FAB00F80A40 /* Frameworks */,
				93AC3BFD22776FAB00F80A40 /* Resources */,
			);
			buildRules = (
			);
			dependencies = (
				93AC3C0122776FAB00F80A40 /* PBXTargetDependency */,
			);
			name = MsgTestTests;
			productName = MsgTestTests;
			productReference = 93AC3BFF22776FAB00F80A40 /* MsgTestTests.xctest */;
			productType = "com.apple.product-type.bundle.unit-test";
		};
		93AC3C0922776FAB00F80A40 /* MsgTestUITests */ = {
			isa = PBXNativeTarget;
			buildConfigurationList = 93AC3C1922776FAB00F80A40 /* Build configuration list for PBXNativeTarget "MsgTestUITests" */;
			buildPhases = (
				93AC3C0622776FAB00F80A40 /* Sources */,
				93AC3C0722776FAB00F80A40 /* Frameworks */,
				93AC3C0822776FAB00F80A40 /* Resources */,
			);
			buildRules = (
			);
			dependencies = (
				93AC3C0C22776FAB00F80A40 /* PBXTargetDependency */,
			);
			name = MsgTestUITests;
			productName = MsgTestUITests;
			productReference = 93AC3C0A22776FAB00F80A40 /* MsgTestUITests.xctest */;
			productType = "com.apple.product-type.bundle.ui-testing";
		};
/* End PBXNativeTarget section */

/* Begin PBXProject section */
		93AC3BE322776FA900F80A40 /* Project object */ = {
			isa = PBXProject;
			attributes = {
				LastSwiftUpdateCheck = 1000;
				LastUpgradeCheck = 1000;
				ORGANIZATIONNAME = "Ben Rosin";
				TargetAttributes = {
					93AC3BEA22776FA900F80A40 = {
						CreatedOnToolsVersion = 10.0;
					};
					93AC3BFE22776FAB00F80A40 = {
						CreatedOnToolsVersion = 10.0;
						TestTargetID = 93AC3BEA22776FA900F80A40;
					};
					93AC3C0922776FAB00F80A40 = {
						CreatedOnToolsVersion = 10.0;
						TestTargetID = 93AC3BEA22776FA900F80A40;
					};
				};
			};
			buildConfigurationList = 93AC3BE622776FA900F80A40 /* Build configuration list for PBXProject "MsgTest" */;
			compatibilityVersion = "Xcode 9.3";
			developmentRegion = en;
			hasScannedForEncodings = 0;
			knownRegions = (
				en,
				Base,
			);
			mainGroup = 93AC3BE222776FA900F80A40;
			productRefGroup = 93AC3BEC22776FA900F80A40 /* Products */;
			projectDirPath = "";
			projectRoot = "";
			targets = (
				93AC3BEA22776FA900F80A40 /* MsgTest */,
				93AC3BFE22776FAB00F80A40 /* MsgTestTests */,
				93AC3C0922776FAB00F80A40 /* MsgTestUITests */,
			);
		};
/* End PBXProject section */

/* Begin PBXResourcesBuildPhase section */
		93AC3BE922776FA900F80A40 /* Resources */ = {
			isa = PBXResourcesBuildPhase;
			buildActionMask = 2147483647;
			files = (
				93AC3BF922776FAB00F80A40 /* LaunchScreen.storyboard in Resources */,
				93AC3BF622776FAB00F80A40 /* Assets.xcassets in Resources */,
				93AC3BF422776FA900F80A40 /* Main.storyboard in Resources */,
			);
			runOnlyForDeploymentPostprocessing = 0;
		};
		93AC3BFD22776FAB00F80A40 /* Resources */ = {
			isa = PBXResourcesBuildPhase;
			buildActionMask = 2147483647;
			files = (
			);
			runOnlyForDeploymentPostprocessing = 0;
		};
		93AC3C0822776FAB00F80A40 /* Resources */ = {
			isa = PBXResourcesBuildPhase;
			buildActionMask = 2147483647;
			files = (
			);
			runOnlyForDeploymentPostprocessing = 0;
		};
/* End PBXResourcesBuildPhase section */

/* Begin PBXSourcesBuildPhase section */
		93AC3BE722776FA900F80A40 /* Sources */ = {
			isa = PBXSourcesBuildPhase;
			buildActionMask = 2147483647;
			files = (
				93AC3BF122776FA900F80A40 /* ViewController.swift in Sources */,
				93AC3BEF22776FA900F80A40 /* AppDelegate.swift in Sources */,
			);
			runOnlyForDeploymentPostprocessing = 0;
		};
		93AC3BFB22776FAB00F80A40 /* Sources */ = {
			isa = PBXSourcesBuildPhase;
			buildActionMask = 2147483647;
			files = (
				93AC3C0422776FAB00F80A40 /* MsgTestTests.swift in Sources */,
			);
			runOnlyForDeploymentPostprocessing = 0;
		};
		93AC3C0622776FAB00F80A40 /* Sources */ = {
			isa = PBXSourcesBuildPhase;
			buildActionMask = 2147483647;
			files = (
				93AC3C0F22776FAB00F80A40 /* MsgTestUITests.swift in Sources */,
			);
			runOnlyForDeploymentPostprocessing = 0;
		};
/* End PBXSourcesBuildPhase section */

/* Begin PBXTargetDependency section */
		93AC3C0122776FAB00F80A40 /* PBXTargetDependency */ = {
			isa = PBXTargetDependency;
			target = 93AC3BEA22776FA900F80A40 /* MsgTest */;
			targetProxy = 93AC3C0022776FAB00F80A40 /* PBXContainerItemProxy */;
		};
		93AC3C0C22776FAB00F80A40 /* PBXTargetDependency */ = {
			isa = PBXTargetDependency;
			target = 93AC3BEA22776FA900F80A40 /* MsgTest */;
			targetProxy = 93AC3C0B22776FAB00F80A40 /* PBXContainerItemProxy */;
		};
/* End PBXTargetDependency section */

/* Begin PBXVariantGroup section */
		93AC3BF222776FA900F80A40 /* Main.storyboard */ = {
			isa = PBXVariantGroup;
			children = (
				93AC3BF322776FA900F80A40 /* Base */,
			);
			name = Main.storyboard;
			sourceTree = "<group>";
		};
		93AC3BF722776FAB00F80A40 /* LaunchScreen.storyboard */ = {
			isa = PBXVariantGroup;
			children = (
				93AC3BF822776FAB00F80A40 /* Base */,
			);
			name = LaunchScreen.storyboard;
			sourceTree = "<group>";
		};
/* End PBXVariantGroup section */

/* Begin XCBuildConfiguration section */
		93AC3C1122776FAB00F80A40 /* Debug */ = {
			isa = XCBuildConfiguration;
			buildSettings = {
				ALWAYS_SEARCH_USER_PATHS = NO;
				CLANG_ANALYZER_NONNULL = YES;
				CLANG_ANALYZER_NUMBER_OBJECT_CONVERSION = YES_AGGRESSIVE;
				CLANG_CXX_LANGUAGE_STANDARD = "gnu++14";
				CLANG_CXX_LIBRARY = "libc++";
				CLANG_ENABLE_MODULES = YES;
				CLANG_ENABLE_OBJC_ARC = YES;
				CLANG_ENABLE_OBJC_WEAK = YES;
				CLANG_WARN_BLOCK_CAPTURE_AUTORELEASING = YES;
				CLANG_WARN_BOOL_CONVERSION = YES;
				CLANG_WARN_COMMA = YES;
				CLANG_WARN_CONSTANT_CONVERSION = YES;
				CLANG_WARN_DEPRECATED_OBJC_IMPLEMENTATIONS = YES;
				CLANG_WARN_DIRECT_OBJC_ISA_USAGE = YES_ERROR;
				CLANG_WARN_DOCUMENTATION_COMMENTS = YES;
				CLANG_WARN_EMPTY_BODY = YES;
				CLANG_WARN_ENUM_CONVERSION = YES;
				CLANG_WARN_INFINITE_RECURSION = YES;
				CLANG_WARN_INT_CONVERSION = YES;
				CLANG_WARN_NON_LITERAL_NULL_CONVERSION = YES;
				CLANG_WARN_OBJC_IMPLICIT_RETAIN_SELF = YES;
				CLANG_WARN_OBJC_LITERAL_CONVERSION = YES;
				CLANG_WARN_OBJC_ROOT_CLASS = YES_ERROR;
				CLANG_WARN_RANGE_LOOP_ANALYSIS = YES;
				CLANG_WARN_STRICT_PROTOTYPES = YES;
				CLANG_WARN_SUSPICIOUS_MOVE = YES;
				CLANG_WARN_UNGUARDED_AVAILABILITY = YES_AGGRESSIVE;
				CLANG_WARN_UNREACHABLE_CODE = YES;
				CLANG_WARN__DUPLICATE_METHOD_MATCH = YES;
				CODE_SIGN_IDENTITY = "iPhone Developer";
				COPY_PHASE_STRIP = NO;
				DEBUG_INFORMATION_FORMAT = dwarf;
				ENABLE_STRICT_OBJC_MSGSEND = YES;
				ENABLE_TESTABILITY = YES;
				GCC_C_LANGUAGE_STANDARD = gnu11;
				GCC_DYNAMIC_NO_PIC = NO;
				GCC_NO_COMMON_BLOCKS = YES;
				GCC_OPTIMIZATION_LEVEL = 0;
				GCC_PREPROCESSOR_DEFINITIONS = (
					"DEBUG=1",
					"$(inherited)",
				);
				GCC_WARN_64_TO_32_BIT_CONVERSION = YES;
				GCC_WARN_ABOUT_RETURN_TYPE = YES_ERROR;
				GCC_WARN_UNDECLARED_SELECTOR = YES;
				GCC_WARN_UNINITIALIZED_AUTOS = YES_AGGRESSIVE;
				GCC_WARN_UNUSED_FUNCTION = YES;
				GCC_WARN_UNUSED_VARIABLE = YES;
				IPHONEOS_DEPLOYMENT_TARGET = 12.0;
				MTL_ENABLE_DEBUG_INFO = INCLUDE_SOURCE;
				MTL_FAST_MATH = YES;
				ONLY_ACTIVE_ARCH = YES;
				SDKROOT = iphoneos;
				SWIFT_ACTIVE_COMPILATION_CONDITIONS = DEBUG;
				SWIFT_OPTIMIZATION_LEVEL = "-Onone";
			};
			name = Debug;
		};
		93AC3C1222776FAB00F80A40 /* Release */ = {
			isa = XCBuildConfiguration;
			buildSettings = {
				ALWAYS_SEARCH_USER_PATHS = NO;
				CLANG_ANALYZER_NONNULL = YES;
				CLANG_ANALYZER_NUMBER_OBJECT_CONVERSION = YES_AGGRESSIVE;
				CLANG_CXX_LANGUAGE_STANDARD = "gnu++14";
				CLANG_CXX_LIBRARY = "libc++";
				CLANG_ENABLE_MODULES = YES;
				CLANG_ENABLE_OBJC_ARC = YES;
				CLANG_ENABLE_OBJC_WEAK = YES;
				CLANG_WARN_BLOCK_CAPTURE_AUTORELEASING = YES;
				CLANG_WARN_BOOL_CONVERSION = YES;
				CLANG_WARN_COMMA = YES;
				CLANG_WARN_CONSTANT_CONVERSION = YES;
				CLANG_WARN_DEPRECATED_OBJC_IMPLEMENTATIONS = YES;
				CLANG_WARN_DIRECT_OBJC_ISA_USAGE = YES_ERROR;
				CLANG_WARN_DOCUMENTATION_COMMENTS = YES;
				CLANG_WARN_EMPTY_BODY = YES;
				CLANG_WARN_ENUM_CONVERSION = YES;
				CLANG_WARN_INFINITE_RECURSION = YES;
				CLANG_WARN_INT_CONVERSION = YES;
				CLANG_WARN_NON_LITERAL_NULL_CONVERSION = YES;
				CLANG_WARN_OBJC_IMPLICIT_RETAIN_SELF = YES;
				CLANG_WARN_OBJC_LITERAL_CONVERSION = YES;
				CLANG_WARN_OBJC_ROOT_CLASS = YES_ERROR;
				CLANG_WARN_RANGE_LOOP_ANALYSIS = YES;
				CLANG_WARN_STRICT_PROTOTYPES = YES;
				CLANG_WARN_SUSPICIOUS_MOVE = YES;
				CLANG_WARN_UNGUARDED_AVAILABILITY = YES_AGGRESSIVE;
				CLANG_WARN_UNREACHABLE_CODE = YES;
				CLANG_WARN__DUPLICATE_METHOD_MATCH = YES;
				CODE_SIGN_IDENTITY = "iPhone Developer";
				COPY_PHASE_STRIP = NO;
				DEBUG_INFORMATION_FORMAT = "dwarf-with-dsym";
				ENABLE_NS_ASSERTIONS = NO;
				ENABLE_STRICT_OBJC_MSGSEND = YES;
				GCC_C_LANGUAGE_STANDARD = gnu11;
				GCC_NO_COMMON_BLOCKS = YES;
				GCC_WARN_64_TO_32_BIT_CONVERSION = YES;
				GCC_WARN_ABOUT_RETURN_TYPE = YES_ERROR;
				GCC_WARN_UNDECLARED_SELECTOR = YES;
				GCC_WARN_UNINITIALIZED_AUTOS = YES_AGGRESSIVE;
				GCC_WARN_UNUSED_FUNCTION = YES;
				GCC_WARN_UNUSED_VARIABLE = YES;
				IPHONEOS_DEPLOYMENT_TARGET = 12.0;
				MTL_ENABLE_DEBUG_INFO = NO;
				MTL_FAST_MATH = YES;
				SDKROOT = iphoneos;
				SWIFT_COMPILATION_MODE = wholemodule;
				SWIFT_OPTIMIZATION_LEVEL = "-O";
				VALIDATE_PRODUCT = YES;
			};
			name = Release;
		};
		93AC3C1422776FAB00F80A40 /* Debug */ = {
			isa = XCBuildConfiguration;
			buildSettings = {
				ASSETCATALOG_COMPILER_APPICON_NAME = AppIcon;
				CODE_SIGN_STYLE = Automatic;
				INFOPLIST_FILE = MsgTest/Info.plist;
				LD_RUNPATH_SEARCH_PATHS = (
					"$(inherited)",
					"@executable_path/Frameworks",
				);
				PRODUCT_BUNDLE_IDENTIFIER = benRosin.MsgTest;
				PRODUCT_NAME = "$(TARGET_NAME)";
				SWIFT_VERSION = 4.2;
				TARGETED_DEVICE_FAMILY = "1,2";
			};
			name = Debug;
		};
		93AC3C1522776FAB00F80A40 /* Release */ = {
			isa = XCBuildConfiguration;
			buildSettings = {
				ASSETCATALOG_COMPILER_APPICON_NAME = AppIcon;
				CODE_SIGN_STYLE = Automatic;
				INFOPLIST_FILE = MsgTest/Info.plist;
				LD_RUNPATH_SEARCH_PATHS = (
					"$(inherited)",
					"@executable_path/Frameworks",
				);
				PRODUCT_BUNDLE_IDENTIFIER = benRosin.MsgTest;
				PRODUCT_NAME = "$(TARGET_NAME)";
				SWIFT_VERSION = 4.2;
				TARGETED_DEVICE_FAMILY = "1,2";
			};
			name = Release;
		};
		93AC3C1722776FAB00F80A40 /* Debug */ = {
			isa = XCBuildConfiguration;
			buildSettings = {
				ALWAYS_EMBED_SWIFT_STANDARD_LIBRARIES = YES;
				BUNDLE_LOADER = "$(TEST_HOST)";
				CODE_SIGN_STYLE = Automatic;
				INFOPLIST_FILE = MsgTestTests/Info.plist;
				LD_RUNPATH_SEARCH_PATHS = (
					"$(inherited)",
					"@executable_path/Frameworks",
					"@loader_path/Frameworks",
				);
				PRODUCT_BUNDLE_IDENTIFIER = benRosin.MsgTestTests;
				PRODUCT_NAME = "$(TARGET_NAME)";
				SWIFT_VERSION = 4.2;
				TARGETED_DEVICE_FAMILY = "1,2";
				TEST_HOST = "$(BUILT_PRODUCTS_DIR)/MsgTest.app/MsgTest";
			};
			name = Debug;
		};
		93AC3C1822776FAB00F80A40 /* Release */ = {
			isa = XCBuildConfiguration;
			buildSettings = {
				ALWAYS_EMBED_SWIFT_STANDARD_LIBRARIES = YES;
				BUNDLE_LOADER = "$(TEST_HOST)";
				CODE_SIGN_STYLE = Automatic;
				INFOPLIST_FILE = MsgTestTests/Info.plist;
				LD_RUNPATH_SEARCH_PATHS = (
					"$(inherited)",
					"@executable_path/Frameworks",
					"@loader_path/Frameworks",
				);
				PRODUCT_BUNDLE_IDENTIFIER = benRosin.MsgTestTests;
				PRODUCT_NAME = "$(TARGET_NAME)";
				SWIFT_VERSION = 4.2;
				TARGETED_DEVICE_FAMILY = "1,2";
				TEST_HOST = "$(BUILT_PRODUCTS_DIR)/MsgTest.app/MsgTest";
			};
			name = Release;
		};
		93AC3C1A22776FAB00F80A40 /* Debug */ = {
			isa = XCBuildConfiguration;
			buildSettings = {
				ALWAYS_EMBED_SWIFT_STANDARD_LIBRARIES = YES;
				CODE_SIGN_STYLE = Automatic;
				INFOPLIST_FILE = MsgTestUITests/Info.plist;
				LD_RUNPATH_SEARCH_PATHS = (
					"$(inherited)",
					"@executable_path/Frameworks",
					"@loader_path/Frameworks",
				);
				PRODUCT_BUNDLE_IDENTIFIER = benRosin.MsgTestUITests;
				PRODUCT_NAME = "$(TARGET_NAME)";
				SWIFT_VERSION = 4.2;
				TARGETED_DEVICE_FAMILY = "1,2";
				TEST_TARGET_NAME = MsgTest;
			};
			name = Debug;
		};
		93AC3C1B22776FAB00F80A40 /* Release */ = {
			isa = XCBuildConfiguration;
			buildSettings = {
				ALWAYS_EMBED_SWIFT_STANDARD_LIBRARIES = YES;
				CODE_SIGN_STYLE = Automatic;
				INFOPLIST_FILE = MsgTestUITests/Info.plist;
				LD_RUNPATH_SEARCH_PATHS = (
					"$(inherited)",
					"@executable_path/Frameworks",
					"@loader_path/Frameworks",
				);
				PRODUCT_BUNDLE_IDENTIFIER = benRosin.MsgTestUITests;
				PRODUCT_NAME = "$(TARGET_NAME)";
				SWIFT_VERSION = 4.2;
				TARGETED_DEVICE_FAMILY = "1,2";
				TEST_TARGET_NAME = MsgTest;
			};
			name = Release;
		};
/* End XCBuildConfiguration section */

/* Begin XCConfigurationList section */
		93AC3BE622776FA900F80A40 /* Build configuration list for PBXProject "MsgTest" */ = {
			isa = XCConfigurationList;
			buildConfigurations = (
				93AC3C1122776FAB00F80A40 /* Debug */,
				93AC3C1222776FAB00F80A40 /* Release */,
			);
			defaultConfigurationIsVisible = 0;
			defaultConfigurationName = Release;
		};
		93AC3C1322776FAB00F80A40 /* Build configuration list for PBXNativeTarget "MsgTest" */ = {
			isa = XCConfigurationList;
			buildConfigurations = (
				93AC3C1422776FAB00F80A40 /* Debug */,
				93AC3C1522776FAB00F80A40 /* Release */,
			);
			defaultConfigurationIsVisible = 0;
			defaultConfigurationName = Release;
		};
		93AC3C1622776FAB00F80A40 /* Build configuration list for PBXNativeTarget "MsgTestTests" */ = {
			isa = XCConfigurationList;
			buildConfigurations = (
				93AC3C1722776FAB00F80A40 /* Debug */,
				93AC3C1822776FAB00F80A40 /* Release */,
			);
			defaultConfigurationIsVisible = 0;
			defaultConfigurationName = Release;
		};
		93AC3C1922776FAB00F80A40 /* Build configuration list for PBXNativeTarget "MsgTestUITests" */ = {
			isa = XCConfigurationList;
			buildConfigurations = (
				93AC3C1A22776FAB00F80A40 /* Debug */,
				93AC3C1B22776FAB00F80A40 /* Release */,
			);
			defaultConfigurationIsVisible = 0;
			defaultConfigurationName = Release;
		};
/* End XCConfigurationList section */
	};
	rootObject = 93AC3BE322776FA900F80A40 /* Project object */;
}
